
Microsoft Visual Studio Solution File, Format Version 12.00
# Visual Studio 14
VisualStudioVersion = 14.0.25420.1
MinimumVisualStudioVersion = 10.0.40219.1
Project("{FAE04EC0-301F-11D3-BF4B-00C04F79EFBC}") = "Avengers.Mvc", "Avengers.Mvc\Avengers.Mvc.csproj", "{F7FC17D7-02F3-41D5-9698-CC3AAFABE7E5}"
EndProject
Project("{FAE04EC0-301F-11D3-BF4B-00C04F79EFBC}") = "Avengers.Api", "Avengers.Api\Avengers.Api.csproj", "{147C792F-3836-4618-A855-898CC2E59511}"
EndProject
Project("{FAE04EC0-301F-11D3-BF4B-00C04F79EFBC}") = "Avengers.Mvc.Tests", "Avengers.Mvc.Tests\Avengers.Mvc.Tests.csproj", "{F6B20FF8-2DE4-4025-BC3F-7F53A537469F}"
EndProject
Project("{FAE04EC0-301F-11D3-BF4B-00C04F79EFBC}") = "Avengers.Api.Tests", "Avengers.Api.Tests\Avengers.Api.Tests.csproj", "{1B5180DD-8CC0-477C-B9F6-6C8EA956C78B}"
EndProject
Global
	GlobalSection(SolutionConfigurationPlatforms) = preSolution
		Debug|Any CPU = Debug|Any CPU
		Release|Any CPU = Release|Any CPU
	EndGlobalSection
	GlobalSection(ProjectConfigurationPlatforms) = postSolution
		{F7FC17D7-02F3-41D5-9698-CC3AAFABE7E5}.Debug|Any CPU.ActiveCfg = Debug|Any CPU
		{F7FC17D7-02F3-41D5-9698-CC3AAFABE7E5}.Debug|Any CPU.Build.0 = Debug|Any CPU
		{F7FC17D7-02F3-41D5-9698-CC3AAFABE7E5}.Release|Any CPU.ActiveCfg = Release|Any CPU
		{F7FC17D7-02F3-41D5-9698-CC3AAFABE7E5}.Release|Any CPU.Build.0 = Release|Any CPU
		{147C792F-3836-4618-A855-898CC2E59511}.Debug|Any CPU.ActiveCfg = Debug|Any CPU
		{147C792F-3836-4618-A855-898CC2E59511}.Debug|Any CPU.Build.0 = Debug|Any CPU
		{147C792F-3836-4618-A855-898CC2E59511}.Release|Any CPU.ActiveCfg = Release|Any CPU
		{147C792F-3836-4618-A855-898CC2E59511}.Release|Any CPU.Build.0 = Release|Any CPU
		{F6B20FF8-2DE4-4025-BC3F-7F53A537469F}.Debug|Any CPU.ActiveCfg = Debug|Any CPU
		{F6B20FF8-2DE4-4025-BC3F-7F53A537469F}.Debug|Any CPU.Build.0 = Debug|Any CPU
		{F6B20FF8-2DE4-4025-BC3F-7F53A537469F}.Release|Any CPU.ActiveCfg = Release|Any CPU
		{F6B20FF8-2DE4-4025-BC3F-7F53A537469F}.Release|Any CPU.Build.0 = Release|Any CPU
		{1B5180DD-8CC0-477C-B9F6-6C8EA956C78B}.Debug|Any CPU.ActiveCfg = Debug|Any CPU
		{1B5180DD-8CC0-477C-B9F6-6C8EA956C78B}.Debug|Any CPU.Build.0 = Debug|Any CPU
		{1B5180DD-8CC0-477C-B9F6-6C8EA956C78B}.Release|Any CPU.ActiveCfg = Release|Any CPU
		{1B5180DD-8CC0-477C-B9F6-6C8EA956C78B}.Release|Any CPU.Build.0 = Release|Any CPU
	EndGlobalSection
	GlobalSection(SolutionProperties) = preSolution
		HideSolutionNode = FALSE
	EndGlobalSection
EndGlobal
